
Microsoft Visual Studio Solution File, Format Version 12.00
# Visual Studio Version 17
VisualStudioVersion = 17.8.34525.116
MinimumVisualStudioVersion = 10.0.40219.1
Project("{FAE04EC0-301F-11D3-BF4B-00C04F79EFBC}") = "HeapDS Extract (Delete) Operation", "HeapDS Extract (Delete) Operation.csproj", "{F4062A03-A15F-466E-B0D8-F508D802A3F9}"
EndProject
Global
	GlobalSection(SolutionConfigurationPlatforms) = preSolution
		Debug|Any CPU = Debug|Any CPU
		Release|Any CPU = Release|Any CPU
	EndGlobalSection
	GlobalSection(ProjectConfigurationPlatforms) = postSolution
		{F4062A03-A15F-466E-B0D8-F508D802A3F9}.Debug|Any CPU.ActiveCfg = Debug|Any CPU
		{F4062A03-A15F-466E-B0D8-F508D802A3F9}.Debug|Any CPU.Build.0 = Debug|Any CPU
		{F4062A03-A15F-466E-B0D8-F508D802A3F9}.Release|Any CPU.ActiveCfg = Release|Any CPU
		{F4062A03-A15F-466E-B0D8-F508D802A3F9}.Release|Any CPU.Build.0 = Release|Any CPU
	EndGlobalSection
	GlobalSection(SolutionProperties) = preSolution
		HideSolutionNode = FALSE
	EndGlobalSection
	GlobalSection(ExtensibilityGlobals) = postSolution
		SolutionGuid = {6209B73D-379E-4F7F-8CBD-144119FC1DB4}
	EndGlobalSection
EndGlobal
