
Microsoft Visual Studio Solution File, Format Version 12.00
# Visual Studio Version 17
VisualStudioVersion = 17.8.34525.116
MinimumVisualStudioVersion = 10.0.40219.1
Project("{FAE04EC0-301F-11D3-BF4B-00C04F79EFBC}") = "Priority Queue", "Priority Queue.csproj", "{0C33F356-49AC-4FB0-AF23-B1AB1DCC4988}"
EndProject
Global
	GlobalSection(SolutionConfigurationPlatforms) = preSolution
		Debug|Any CPU = Debug|Any CPU
		Release|Any CPU = Release|Any CPU
	EndGlobalSection
	GlobalSection(ProjectConfigurationPlatforms) = postSolution
		{0C33F356-49AC-4FB0-AF23-B1AB1DCC4988}.Debug|Any CPU.ActiveCfg = Debug|Any CPU
		{0C33F356-49AC-4FB0-AF23-B1AB1DCC4988}.Debug|Any CPU.Build.0 = Debug|Any CPU
		{0C33F356-49AC-4FB0-AF23-B1AB1DCC4988}.Release|Any CPU.ActiveCfg = Release|Any CPU
		{0C33F356-49AC-4FB0-AF23-B1AB1DCC4988}.Release|Any CPU.Build.0 = Release|Any CPU
	EndGlobalSection
	GlobalSection(SolutionProperties) = preSolution
		HideSolutionNode = FALSE
	EndGlobalSection
	GlobalSection(ExtensibilityGlobals) = postSolution
		SolutionGuid = {535D4CB1-1064-41FA-8780-7E6696262CE4}
	EndGlobalSection
EndGlobal
