
Microsoft Visual Studio Solution File, Format Version 12.00
# Visual Studio Version 17
VisualStudioVersion = 17.7.34221.43
MinimumVisualStudioVersion = 10.0.40219.1
Project("{FAE04EC0-301F-11D3-BF4B-00C04F79EFBC}") = "DVLD_WindowsForm", "DVLD_WindowsForm.csproj", "{08C2970B-96D6-4147-B1A1-23BC7F86638F}"
EndProject
Project("{FAE04EC0-301F-11D3-BF4B-00C04F79EFBC}") = "DVLDBusinessLayer", "..\DVLDBusinessLayer\DVLDBusinessLayer.csproj", "{4FBA0CF0-B611-4925-A127-54ADB903D95F}"
EndProject
Project("{FAE04EC0-301F-11D3-BF4B-00C04F79EFBC}") = "DVLDDataAccessLayer", "..\DVLDDataAccessLayer\DVLDDataAccessLayer.csproj", "{764DB1BE-E404-4A35-B780-7E6C7B4D860C}"
EndProject
Global
	GlobalSection(SolutionConfigurationPlatforms) = preSolution
		Debug|Any CPU = Debug|Any CPU
		Release|Any CPU = Release|Any CPU
	EndGlobalSection
	GlobalSection(ProjectConfigurationPlatforms) = postSolution
		{08C2970B-96D6-4147-B1A1-23BC7F86638F}.Debug|Any CPU.ActiveCfg = Debug|Any CPU
		{08C2970B-96D6-4147-B1A1-23BC7F86638F}.Debug|Any CPU.Build.0 = Debug|Any CPU
		{08C2970B-96D6-4147-B1A1-23BC7F86638F}.Release|Any CPU.ActiveCfg = Release|Any CPU
		{08C2970B-96D6-4147-B1A1-23BC7F86638F}.Release|Any CPU.Build.0 = Release|Any CPU
		{4FBA0CF0-B611-4925-A127-54ADB903D95F}.Debug|Any CPU.ActiveCfg = Debug|Any CPU
		{4FBA0CF0-B611-4925-A127-54ADB903D95F}.Debug|Any CPU.Build.0 = Debug|Any CPU
		{4FBA0CF0-B611-4925-A127-54ADB903D95F}.Release|Any CPU.ActiveCfg = Release|Any CPU
		{4FBA0CF0-B611-4925-A127-54ADB903D95F}.Release|Any CPU.Build.0 = Release|Any CPU
		{764DB1BE-E404-4A35-B780-7E6C7B4D860C}.Debug|Any CPU.ActiveCfg = Debug|Any CPU
		{764DB1BE-E404-4A35-B780-7E6C7B4D860C}.Debug|Any CPU.Build.0 = Debug|Any CPU
		{764DB1BE-E404-4A35-B780-7E6C7B4D860C}.Release|Any CPU.ActiveCfg = Release|Any CPU
		{764DB1BE-E404-4A35-B780-7E6C7B4D860C}.Release|Any CPU.Build.0 = Release|Any CPU
	EndGlobalSection
	GlobalSection(SolutionProperties) = preSolution
		HideSolutionNode = FALSE
	EndGlobalSection
	GlobalSection(ExtensibilityGlobals) = postSolution
		SolutionGuid = {A4E16B4F-3D13-48F5-B41C-C097A365A3BB}
	EndGlobalSection
EndGlobal
