
Microsoft Visual Studio Solution File, Format Version 12.00
# Visual Studio Version 17
VisualStudioVersion = 17.7.34221.43
MinimumVisualStudioVersion = 10.0.40219.1
Project("{FAE04EC0-301F-11D3-BF4B-00C04F79EFBC}") = "03-Picture&Drawing", "03-Picture&Drawing.csproj", "{73E3306D-6F9E-4C61-B9F9-3CB581107386}"
EndProject
Global
	GlobalSection(SolutionConfigurationPlatforms) = preSolution
		Debug|Any CPU = Debug|Any CPU
		Release|Any CPU = Release|Any CPU
	EndGlobalSection
	GlobalSection(ProjectConfigurationPlatforms) = postSolution
		{73E3306D-6F9E-4C61-B9F9-3CB581107386}.Debug|Any CPU.ActiveCfg = Debug|Any CPU
		{73E3306D-6F9E-4C61-B9F9-3CB581107386}.Debug|Any CPU.Build.0 = Debug|Any CPU
		{73E3306D-6F9E-4C61-B9F9-3CB581107386}.Release|Any CPU.ActiveCfg = Release|Any CPU
		{73E3306D-6F9E-4C61-B9F9-3CB581107386}.Release|Any CPU.Build.0 = Release|Any CPU
	EndGlobalSection
	GlobalSection(SolutionProperties) = preSolution
		HideSolutionNode = FALSE
	EndGlobalSection
	GlobalSection(ExtensibilityGlobals) = postSolution
		SolutionGuid = {AD9FBDD5-5525-47D2-A039-78F2664FC0CE}
	EndGlobalSection
EndGlobal
