
Microsoft Visual Studio Solution File, Format Version 12.00
# Visual Studio Version 17
VisualStudioVersion = 17.7.34221.43
MinimumVisualStudioVersion = 10.0.40219.1
Project("{FAE04EC0-301F-11D3-BF4B-00C04F79EFBC}") = "07-Interface", "07-Interface.csproj", "{CBE9FB89-F080-42BD-A8A7-9EFD05AA5BA9}"
EndProject
Global
	GlobalSection(SolutionConfigurationPlatforms) = preSolution
		Debug|Any CPU = Debug|Any CPU
		Release|Any CPU = Release|Any CPU
	EndGlobalSection
	GlobalSection(ProjectConfigurationPlatforms) = postSolution
		{CBE9FB89-F080-42BD-A8A7-9EFD05AA5BA9}.Debug|Any CPU.ActiveCfg = Debug|Any CPU
		{CBE9FB89-F080-42BD-A8A7-9EFD05AA5BA9}.Debug|Any CPU.Build.0 = Debug|Any CPU
		{CBE9FB89-F080-42BD-A8A7-9EFD05AA5BA9}.Release|Any CPU.ActiveCfg = Release|Any CPU
		{CBE9FB89-F080-42BD-A8A7-9EFD05AA5BA9}.Release|Any CPU.Build.0 = Release|Any CPU
	EndGlobalSection
	GlobalSection(SolutionProperties) = preSolution
		HideSolutionNode = FALSE
	EndGlobalSection
	GlobalSection(ExtensibilityGlobals) = postSolution
		SolutionGuid = {FD188FDD-042D-4DAF-91CD-A78EA0F84AA6}
	EndGlobalSection
EndGlobal
