
Microsoft Visual Studio Solution File, Format Version 12.00
# Visual Studio Version 17
VisualStudioVersion = 17.7.34221.43
MinimumVisualStudioVersion = 10.0.40219.1
Project("{FAE04EC0-301F-11D3-BF4B-00C04F79EFBC}") = "05-ComboBox_CheckedList_Link_MaskedTxtBox", "05-ComboBox_CheckedList_Link_MaskedTxtBox.csproj", "{FFC3E096-5E03-451B-8CFF-F5D68F6ADDDD}"
EndProject
Global
	GlobalSection(SolutionConfigurationPlatforms) = preSolution
		Debug|Any CPU = Debug|Any CPU
		Release|Any CPU = Release|Any CPU
	EndGlobalSection
	GlobalSection(ProjectConfigurationPlatforms) = postSolution
		{FFC3E096-5E03-451B-8CFF-F5D68F6ADDDD}.Debug|Any CPU.ActiveCfg = Debug|Any CPU
		{FFC3E096-5E03-451B-8CFF-F5D68F6ADDDD}.Debug|Any CPU.Build.0 = Debug|Any CPU
		{FFC3E096-5E03-451B-8CFF-F5D68F6ADDDD}.Release|Any CPU.ActiveCfg = Release|Any CPU
		{FFC3E096-5E03-451B-8CFF-F5D68F6ADDDD}.Release|Any CPU.Build.0 = Release|Any CPU
	EndGlobalSection
	GlobalSection(SolutionProperties) = preSolution
		HideSolutionNode = FALSE
	EndGlobalSection
	GlobalSection(ExtensibilityGlobals) = postSolution
		SolutionGuid = {2B0398A6-46CB-4C9A-9B60-2C487DC961C3}
	EndGlobalSection
EndGlobal
