
Microsoft Visual Studio Solution File, Format Version 12.00
# Visual Studio Version 17
VisualStudioVersion = 17.7.34221.43
MinimumVisualStudioVersion = 10.0.40219.1
Project("{FAE04EC0-301F-11D3-BF4B-00C04F79EFBC}") = "09-MDI_Menu_Cotext-Menue", "09-MDI_Menu_Cotext-Menue.csproj", "{D356F695-5C1E-428E-A84C-E4DF37259513}"
EndProject
Global
	GlobalSection(SolutionConfigurationPlatforms) = preSolution
		Debug|Any CPU = Debug|Any CPU
		Release|Any CPU = Release|Any CPU
	EndGlobalSection
	GlobalSection(ProjectConfigurationPlatforms) = postSolution
		{D356F695-5C1E-428E-A84C-E4DF37259513}.Debug|Any CPU.ActiveCfg = Debug|Any CPU
		{D356F695-5C1E-428E-A84C-E4DF37259513}.Debug|Any CPU.Build.0 = Debug|Any CPU
		{D356F695-5C1E-428E-A84C-E4DF37259513}.Release|Any CPU.ActiveCfg = Release|Any CPU
		{D356F695-5C1E-428E-A84C-E4DF37259513}.Release|Any CPU.Build.0 = Release|Any CPU
	EndGlobalSection
	GlobalSection(SolutionProperties) = preSolution
		HideSolutionNode = FALSE
	EndGlobalSection
	GlobalSection(ExtensibilityGlobals) = postSolution
		SolutionGuid = {3B19225D-FC41-44E9-AD1D-17F8C688983F}
	EndGlobalSection
EndGlobal
